
Microsoft Visual Studio Solution File, Format Version 12.00
# Visual Studio Version 17
VisualStudioVersion = 17.2.32505.173
MinimumVisualStudioVersion = 10.0.40219.1
Project("{FAE04EC0-301F-11D3-BF4B-00C04F79EFBC}") = "DTO", "DTO\DTO.csproj", "{5D296411-7BB7-46B8-9509-F9A8D757C594}"
EndProject
Project("{FAE04EC0-301F-11D3-BF4B-00C04F79EFBC}") = "DAO", "DAO\DAO.csproj", "{D10D363D-4273-4BE7-A7F6-C04CDFED36FA}"
EndProject
Project("{FAE04EC0-301F-11D3-BF4B-00C04F79EFBC}") = "BUS", "BUS\BUS.csproj", "{ADFD70C5-1ED7-489A-965D-630267A0BB14}"
EndProject
Project("{FAE04EC0-301F-11D3-BF4B-00C04F79EFBC}") = "GUI", "GUI\GUI.csproj", "{1C1926F8-4E72-42B4-9D2E-F22EDE10B161}"
EndProject
Global
	GlobalSection(SolutionConfigurationPlatforms) = preSolution
		Debug|Any CPU = Debug|Any CPU
		Release|Any CPU = Release|Any CPU
	EndGlobalSection
	GlobalSection(ProjectConfigurationPlatforms) = postSolution
		{5D296411-7BB7-46B8-9509-F9A8D757C594}.Debug|Any CPU.ActiveCfg = Debug|Any CPU
		{5D296411-7BB7-46B8-9509-F9A8D757C594}.Debug|Any CPU.Build.0 = Debug|Any CPU
		{5D296411-7BB7-46B8-9509-F9A8D757C594}.Release|Any CPU.ActiveCfg = Release|Any CPU
		{5D296411-7BB7-46B8-9509-F9A8D757C594}.Release|Any CPU.Build.0 = Release|Any CPU
		{D10D363D-4273-4BE7-A7F6-C04CDFED36FA}.Debug|Any CPU.ActiveCfg = Debug|Any CPU
		{D10D363D-4273-4BE7-A7F6-C04CDFED36FA}.Debug|Any CPU.Build.0 = Debug|Any CPU
		{D10D363D-4273-4BE7-A7F6-C04CDFED36FA}.Release|Any CPU.ActiveCfg = Release|Any CPU
		{D10D363D-4273-4BE7-A7F6-C04CDFED36FA}.Release|Any CPU.Build.0 = Release|Any CPU
		{ADFD70C5-1ED7-489A-965D-630267A0BB14}.Debug|Any CPU.ActiveCfg = Debug|Any CPU
		{ADFD70C5-1ED7-489A-965D-630267A0BB14}.Debug|Any CPU.Build.0 = Debug|Any CPU
		{ADFD70C5-1ED7-489A-965D-630267A0BB14}.Release|Any CPU.ActiveCfg = Release|Any CPU
		{ADFD70C5-1ED7-489A-965D-630267A0BB14}.Release|Any CPU.Build.0 = Release|Any CPU
		{1C1926F8-4E72-42B4-9D2E-F22EDE10B161}.Debug|Any CPU.ActiveCfg = Debug|Any CPU
		{1C1926F8-4E72-42B4-9D2E-F22EDE10B161}.Debug|Any CPU.Build.0 = Debug|Any CPU
		{1C1926F8-4E72-42B4-9D2E-F22EDE10B161}.Release|Any CPU.ActiveCfg = Release|Any CPU
		{1C1926F8-4E72-42B4-9D2E-F22EDE10B161}.Release|Any CPU.Build.0 = Release|Any CPU
	EndGlobalSection
	GlobalSection(SolutionProperties) = preSolution
		HideSolutionNode = FALSE
	EndGlobalSection
	GlobalSection(ExtensibilityGlobals) = postSolution
		SolutionGuid = {6B3A0332-45C9-45AD-BABC-EE6E6F432651}
	EndGlobalSection
EndGlobal
